
Microsoft Visual Studio Solution File, Format Version 12.00
# Visual Studio Version 17
VisualStudioVersion = 17.11.35303.130
MinimumVisualStudioVersion = 10.0.40219.1
Project("{FAE04EC0-301F-11D3-BF4B-00C04F79EFBC}") = "StockfishHybrid", "StockfishHybrid\StockfishHybrid.csproj", "{31031D04-CA0F-48E0-8FBA-5BF04D350B19}"
EndProject
Global
	GlobalSection(SolutionConfigurationPlatforms) = preSolution
		Debug|Any CPU = Debug|Any CPU
		Release|Any CPU = Release|Any CPU
	EndGlobalSection
	GlobalSection(ProjectConfigurationPlatforms) = postSolution
		{31031D04-CA0F-48E0-8FBA-5BF04D350B19}.Debug|Any CPU.ActiveCfg = Debug|Any CPU
		{31031D04-CA0F-48E0-8FBA-5BF04D350B19}.Debug|Any CPU.Build.0 = Debug|Any CPU
		{31031D04-CA0F-48E0-8FBA-5BF04D350B19}.Release|Any CPU.ActiveCfg = Release|Any CPU
		{31031D04-CA0F-48E0-8FBA-5BF04D350B19}.Release|Any CPU.Build.0 = Release|Any CPU
	EndGlobalSection
	GlobalSection(SolutionProperties) = preSolution
		HideSolutionNode = FALSE
	EndGlobalSection
	GlobalSection(ExtensibilityGlobals) = postSolution
		SolutionGuid = {26B0E1F4-4465-4590-977B-F909328A4DAE}
	EndGlobalSection
EndGlobal
